{
    "hash": "95a1a8abfd1a0dea821823e82877a322",
    "packages": [
        {
            "name": "doctrine/common",
            "version": "2.3.x-dev",
            "source": {
                "type": "git",
                "url": "https://github.com/doctrine/common",
                "reference": "bb0aebbf234db52df476a2b473d434745b34221c"
            },
            "dist": {
                "type": "zip",
                "url": "https://github.com/doctrine/common/zipball/bb0aebbf234db52df476a2b473d434745b34221c",
                "reference": "bb0aebbf234db52df476a2b473d434745b34221c",
                "shasum": ""
            },
            "require": {
                "php": ">=5.3.2"
            },
            "time": "2012-09-19 22:55:18",
            "type": "library",
            "extra": {
                "branch-alias": {
                    "dev-master": "2.3.x-dev"
                }
            },
            "autoload": {
                "psr-0": {
                    "Doctrine\\Common": "lib/"
                }
            }
        },
        {
            "name": "doctrine/dbal",
            "version": "2.3.x-dev",
            "source": {
                "type": "git",
                "url": "https://github.com/doctrine/dbal",
                "reference": "292d5edd17e0a9b9a7ee9eb20d6ae1033059153f"
            },
            "dist": {
                "type": "zip",
                "url": "https://github.com/doctrine/dbal/archive/292d5edd17e0a9b9a7ee9eb20d6ae1033059153f.zip",
                "reference": "292d5edd17e0a9b9a7ee9eb20d6ae1033059153f",
                "shasum": ""
            },
            "require": {
                "php": ">=5.3.2",
                "doctrine/common": "2.3.*"
            },
            "time": "2012-11-12 10:41:11",
            "type": "library",
            "extra": {
                "branch-alias": {
                    "dev-master": "2.3.x-dev"
                }
            },
            "autoload": {
                "psr-0": {
                    "Doctrine\\DBAL": "lib/"
                }
            }
        },
        {
            "name": "doctrine/doctrine-bundle",
            "version": "dev-master",
            "target-dir": "Doctrine/Bundle/DoctrineBundle",
            "source": {
                "type": "git",
                "url": "git://github.com/doctrine/DoctrineBundle.git",
                "reference": "4fa47caf19c426d607a636b2da73bc0e5a87ec66"
            },
            "dist": {
                "type": "zip",
                "url": "https://github.com/doctrine/DoctrineBundle/archive/4fa47caf19c426d607a636b2da73bc0e5a87ec66.zip",
                "reference": "4fa47caf19c426d607a636b2da73bc0e5a87ec66",
                "shasum": ""
            },
            "require": {
                "php": ">=5.3.2",
                "doctrine/dbal": ">=2.2,<2.4-dev",
                "symfony/framework-bundle": ">=2.1,<2.3-dev",
                "symfony/doctrine-bridge": ">=2.1,<2.3-dev",
                "jdorn/sql-formatter": "1.0.1"
            },
            "require-dev": {
                "doctrine/orm": ">=2.2,<2.4-dev",
                "symfony/yaml": ">=2.1,<2.3-dev",
                "symfony/validator": ">=2.1,<2.3-dev"
            },
            "suggest": {
                "doctrine/orm": "The Doctrine ORM integration is optional in the bundle."
            },
            "time": "2012-11-10 20:36:38",
            "type": "symfony-bundle",
            "extra": {
                "branch-alias": {
                    "dev-master": "1.0.x-dev"
                }
            },
            "autoload": {
                "psr-0": {
                    "Doctrine\\Bundle\\DoctrineBundle": ""
                }
            }
        },
        {
            "name": "doctrine/orm",
            "version": "2.3.x-dev",
            "source": {
                "type": "git",
                "url": "git://github.com/doctrine/doctrine2.git",
                "reference": "77d060ab74212919f1eaace72842ea43bf420f43"
            },
            "dist": {
                "type": "zip",
                "url": "https://github.com/doctrine/doctrine2/archive/77d060ab74212919f1eaace72842ea43bf420f43.zip",
                "reference": "77d060ab74212919f1eaace72842ea43bf420f43",
                "shasum": ""
            },
            "require": {
                "php": ">=5.3.2",
                "ext-pdo": "*",
                "symfony/console": "2.*",
                "doctrine/dbal": "2.3.*"
            },
            "suggest": {
                "symfony/yaml": "If you want to use YAML Metadata Mapping Driver"
            },
            "time": "2012-11-12 14:49:41",
            "bin": [
                "bin/doctrine",
                "bin/doctrine.php"
            ],
            "type": "library",
            "extra": {
                "branch-alias": {
                    "dev-master": "2.3.x-dev"
                }
            },
            "autoload": {
                "psr-0": {
                    "Doctrine\\ORM": "lib/"
                }
            }
        },
        {
            "name": "facebook/php-sdk",
            "version": "dev-master",
            "source": {
                "type": "git",
                "url": "git://github.com/facebook/facebook-php-sdk.git",
                "reference": "bf99924386be074da30a8e9d6bbcb49d3333da12"
            },
            "dist": {
                "type": "zip",
                "url": "https://github.com/facebook/facebook-php-sdk/archive/bf99924386be074da30a8e9d6bbcb49d3333da12.zip",
                "reference": "bf99924386be074da30a8e9d6bbcb49d3333da12",
                "shasum": ""
            },
            "require": {
                "php": ">=5.2.0",
                "ext-curl": "*",
                "ext-json": "*"
            },
            "time": "2013-01-15 21:37:15",
            "type": "library",
            "autoload": {
                "classmap": [
                    "src"
                ]
            },
            "notification-url": "http://packagist.org/downloads/",
            "license": [
                "Apache2"
            ],
            "authors": [
                {
                    "name": "Facebook",
                    "homepage": "https://github.com/facebook/facebook-php-sdk/contributors"
                }
            ],
            "description": "Facebook PHP SDK",
            "homepage": "https://github.com/facebook/facebook-php-sdk",
            "keywords": [
                "facebook",
                "sdk"
            ]
        },
        {
            "name": "friendsofsymfony/facebook-bundle",
            "version": "dev-master",
            "target-dir": "FOS/FacebookBundle",
            "source": {
                "type": "git",
                "url": "git://github.com/FriendsOfSymfony/FOSFacebookBundle.git",
                "reference": "9e9608294961b482f8c67fb13ca1e6ce982a9752"
            },
            "dist": {
                "type": "zip",
                "url": "https://github.com/FriendsOfSymfony/FOSFacebookBundle/archive/9e9608294961b482f8c67fb13ca1e6ce982a9752.zip",
                "reference": "9e9608294961b482f8c67fb13ca1e6ce982a9752",
                "shasum": ""
            },
            "require": {
                "php": ">=5.3.2",
                "facebook/php-sdk": "dev-master",
                "symfony/framework-bundle": ">=2.1,<2.3-dev",
                "symfony/security-bundle": ">=2.1,<2.3-dev",
                "symfony/twig-bundle": ">=2.1,<2.3-dev"
            },
            "time": "2013-01-10 01:05:32",
            "type": "symfony-bundle",
            "autoload": {
                "psr-0": {
                    "FOS\\FacebookBundle": ""
                }
            },
            "notification-url": "http://packagist.org/downloads/",
            "license": [
                "MIT"
            ],
            "authors": [
                {
                    "name": "Kris Wallsmith",
                    "email": "kris.wallsmith@gmail.com",
                    "homepage": "http://kriswallsmith.net/"
                },
                {
                    "name": "FriendsOfSymfony Community",
                    "homepage": "https://github.com/friendsofsymfony/FOSFacebookBundle/contributors"
                }
            ],
            "description": "Integrate the Facebook Platform into your Symfony2 application.",
            "homepage": "http://friendsofsymfony.github.com",
            "keywords": [
                "facebook"
            ]
        },
        {
            "name": "friendsofsymfony/user-bundle",
            "version": "dev-master",
            "target-dir": "FOS/UserBundle",
            "source": {
                "type": "git",
                "url": "https://github.com/FriendsOfSymfony/FOSUserBundle",
                "reference": "a197484ad0b53a056e07a13b639ed69466c06c95"
            },
            "dist": {
                "type": "zip",
                "url": "https://github.com/FriendsOfSymfony/FOSUserBundle/archive/a197484ad0b53a056e07a13b639ed69466c06c95.zip",
                "reference": "a197484ad0b53a056e07a13b639ed69466c06c95",
                "shasum": ""
            },
            "require": {
                "php": ">=5.3.2",
                "symfony/framework-bundle": ">=2.1,<2.3-dev",
                "symfony/security-bundle": ">=2.1,<2.3-dev"
            },
            "require-dev": {
                "twig/twig": "*",
                "doctrine/doctrine-bundle": "*",
                "swiftmailer/swiftmailer": "*",
                "willdurand/propel-typehintable-behavior": "dev-master",
                "symfony/validator": "2.1.*",
                "symfony/yaml": "2.1.*"
            },
            "suggest": {
                "doctrine/couchdb-odm-bundle": "*",
                "doctrine/doctrine-bundle": "*",
                "doctrine/mongodb-odm-bundle": "*"
            },
            "time": "2012-11-03 15:16:24",
            "type": "symfony-bundle",
            "extra": {
                "branch-alias": {
                    "dev-master": "2.0.x-dev"
                }
            },
            "autoload": {
                "psr-0": {
                    "FOS\\UserBundle": ""
                }
            }
        },
        {
            "name": "jdorn/sql-formatter",
            "version": "v1.0.1",
            "source": {
                "type": "git",
                "url": "git://github.com/jdorn/sql-formatter.git",
                "reference": "v1.0.1"
            },
            "dist": {
                "type": "zip",
                "url": "https://github.com/jdorn/sql-formatter/archive/v1.0.1.zip",
                "reference": "v1.0.1",
                "shasum": ""
            },
            "require": {
                "php": ">=5.2.4"
            },
            "time": "2012-10-04 22:10:16",
            "type": "library",
            "extra": {
                "branch-alias": {
                    "dev-master": "1.0.x-dev"
                }
            },
            "autoload": {
                "classmap": [
                    "lib"
                ]
            },
            "notification-url": "http://packagist.org/downloads/",
            "license": [
                "LGPL"
            ],
            "authors": [
                {
                    "name": "Jeremy Dorn",
                    "email": "jeremy@jeremydorn.com",
                    "homepage": "http://jeremydorn.com/"
                }
            ],
            "description": "a PHP SQL highlighting library",
            "homepage": "https://github.com/jdorn/sql-formatter/",
            "keywords": [
                "sql",
                "highlight"
            ]
        },
        {
            "name": "jms/aop-bundle",
            "version": "1.0.0",
            "target-dir": "JMS/AopBundle",
            "source": {
                "type": "git",
                "url": "https://github.com/schmittjoh/JMSAopBundle",
                "reference": "1.0.0"
            },
            "dist": {
                "type": "zip",
                "url": "https://github.com/schmittjoh/JMSAopBundle/zipball/1.0.0",
                "reference": "1.0.0",
                "shasum": ""
            },
            "require": {
                "symfony/framework-bundle": "2.*",
                "jms/cg": "1.0.0"
            },
            "time": "2012-01-02 20:50:26",
            "type": "symfony-bundle",
            "autoload": {
                "psr-0": {
                    "JMS\\AopBundle": ""
                }
            }
        },
        {
            "name": "jms/cg",
            "version": "1.0.0",
            "source": {
                "type": "git",
                "url": "git://github.com/schmittjoh/cg-library.git",
                "reference": "1.0.0"
            },
            "dist": {
                "type": "zip",
                "url": "https://github.com/schmittjoh/cg-library/zipball/1.0.0",
                "reference": "1.0.0",
                "shasum": ""
            },
            "require": {
                "php": ">=5.3.0"
            },
            "time": "2012-01-02 20:40:52",
            "type": "library",
            "autoload": {
                "psr-0": {
                    "CG\\": "src/"
                }
            }
        },
        {
            "name": "jms/di-extra-bundle",
            "version": "1.1.x-dev",
            "target-dir": "JMS/DiExtraBundle",
            "source": {
                "type": "git",
                "url": "https://github.com/schmittjoh/JMSDiExtraBundle",
                "reference": "1.1.1"
            },
            "dist": {
                "type": "zip",
                "url": "https://github.com/schmittjoh/JMSDiExtraBundle/zipball/1.1.1",
                "reference": "1.1.1",
                "shasum": ""
            },
            "require": {
                "symfony/framework-bundle": "2.1.*",
                "jms/aop-bundle": "1.0.*",
                "jms/metadata": "1.1.*",
                "symfony/process": "2.1.*",
                "symfony/finder": "2.1.*"
            },
            "require-dev": {
                "jms/security-extra-bundle": "1.*",
                "symfony/validator": "*",
                "symfony/form": "*",
                "symfony/class-loader": "*",
                "symfony/yaml": "*",
                "symfony/browser-kit": "*",
                "symfony/security-bundle": "*",
                "symfony/twig-bundle": "*",
                "sensio/framework-extra-bundle": "*",
                "doctrine/doctrine-bundle": "*",
                "doctrine/orm": "*"
            },
            "time": "2012-09-21 01:56:32",
            "type": "symfony-bundle",
            "autoload": {
                "psr-0": {
                    "JMS\\DiExtraBundle": ""
                }
            }
        },
        {
            "name": "jms/metadata",
            "version": "1.1.1",
            "source": {
                "type": "git",
                "url": "https://github.com/schmittjoh/metadata",
                "reference": "1.1.1"
            },
            "dist": {
                "type": "zip",
                "url": "https://github.com/schmittjoh/metadata/zipball/1.1.1",
                "reference": "1.1.1",
                "shasum": ""
            },
            "require": {
                "php": ">=5.3.0"
            },
            "time": "2012-01-02 21:32:49",
            "type": "library",
            "autoload": {
                "psr-0": {
                    "Metadata\\": "src/"
                }
            }
        },
        {
            "name": "jms/security-extra-bundle",
            "version": "1.2.x-dev",
            "target-dir": "JMS/SecurityExtraBundle",
            "source": {
                "type": "git",
                "url": "https://github.com/schmittjoh/JMSSecurityExtraBundle",
                "reference": "9ab6aceda50fc7a2b07d741ba4b3f0695508afcb"
            },
            "dist": {
                "type": "zip",
                "url": "https://github.com/schmittjoh/JMSSecurityExtraBundle/zipball/9ab6aceda50fc7a2b07d741ba4b3f0695508afcb",
                "reference": "9ab6aceda50fc7a2b07d741ba4b3f0695508afcb",
                "shasum": ""
            },
            "require": {
                "symfony/framework-bundle": "2.1.*",
                "symfony/security-bundle": "*",
                "jms/metadata": "1.1.*",
                "jms/aop-bundle": "1.0.*",
                "jms/di-extra-bundle": "1.1.*"
            },
            "require-dev": {
                "sensio/framework-extra-bundle": "*",
                "symfony/class-loader": "*",
                "symfony/yaml": "*",
                "symfony/browser-kit": "*",
                "symfony/finder": "*",
                "symfony/css-selector": "*",
                "symfony/process": "*",
                "doctrine/doctrine-bundle": "*",
                "symfony/twig-bundle": "*",
                "doctrine/orm": "*",
                "symfony/form": "*",
                "symfony/validator": "*"
            },
            "time": "2012-09-06 16:12:23",
            "type": "symfony-bundle",
            "autoload": {
                "psr-0": {
                    "JMS\\SecurityExtraBundle": ""
                }
            }
        },
        {
            "name": "knplabs/knp-menu",
            "version": "dev-master",
            "source": {
                "type": "git",
                "url": "http://github.com/KnpLabs/KnpMenu.git",
                "reference": "5c33817281456f9d5298a277890e2e025f7f50c7"
            },
            "dist": {
                "type": "zip",
                "url": "https://github.com/KnpLabs/KnpMenu/zipball/5c33817281456f9d5298a277890e2e025f7f50c7",
                "reference": "5c33817281456f9d5298a277890e2e025f7f50c7",
                "shasum": ""
            },
            "require": {
                "php": ">=5.3.0"
            },
            "require-dev": {
                "silex/silex": "1.0.*",
                "twig/twig": ">=1.2,<2.0-dev",
                "pimple/pimple": "1.0.*"
            },
            "suggest": {
                "pimple/pimple": "for the built-in implementations of the menu provider and renderer provider",
                "silex/silex": "for the integration with your silex application",
                "twig/twig": "for the TwigRenderer and the integration with your templates"
            },
            "time": "2012-10-20 08:42:44",
            "type": "library",
            "extra": {
                "branch-alias": {
                    "dev-master": "2.0.x-dev"
                }
            },
            "autoload": {
                "psr-0": {
                    "Knp\\Menu\\": "src/"
                }
            }
        },
        {
            "name": "knplabs/knp-menu-bundle",
            "version": "dev-master",
            "target-dir": "Knp/Bundle/MenuBundle",
            "source": {
                "type": "git",
                "url": "http://github.com/KnpLabs/KnpMenuBundle.git",
                "reference": "471ad25ea4fcc469f901a85bc5ca530b0bc68624"
            },
            "dist": {
                "type": "zip",
                "url": "https://github.com/KnpLabs/KnpMenuBundle/zipball/471ad25ea4fcc469f901a85bc5ca530b0bc68624",
                "reference": "471ad25ea4fcc469f901a85bc5ca530b0bc68624",
                "shasum": ""
            },
            "require": {
                "knplabs/knp-menu": "2.0.*",
                "symfony/framework-bundle": ">=2.0,<2.3-dev"
            },
            "time": "2012-11-01 11:05:07",
            "type": "symfony-bundle",
            "extra": {
                "branch-alias": {
                    "dev-master": "2.0.x-dev"
                }
            },
            "autoload": {
                "psr-0": {
                    "Knp\\Bundle\\MenuBundle": ""
                }
            }
        },
        {
            "name": "kriswallsmith/assetic",
            "version": "dev-master",
            "source": {
                "type": "git",
                "url": "http://github.com/kriswallsmith/assetic.git",
                "reference": "d6203098559cf9fc90e2890c10533d0adad33bd0"
            },
            "dist": {
                "type": "zip",
                "url": "https://github.com/kriswallsmith/assetic/archive/d6203098559cf9fc90e2890c10533d0adad33bd0.zip",
                "reference": "d6203098559cf9fc90e2890c10533d0adad33bd0",
                "shasum": ""
            },
            "require": {
                "symfony/process": ">=2.1.0,<2.3-dev",
                "php": ">=5.3.1"
            },
            "require-dev": {
                "twig/twig": ">=1.6.0,<2.0",
                "leafo/lessphp": "*",
                "leafo/scssphp": "*",
                "ptachoire/cssembed": "*",
                "leafo/scssphp-compass": "*"
            },
            "suggest": {
                "twig/twig": "Assetic provides the integration with the Twig templating engine",
                "leafo/lessphp": "Assetic provides the integration with the lessphp LESS compiler",
                "leafo/scssphp": "Assetic provides the integration with the scssphp SCSS compiler",
                "ptachoire/cssembed": "Assetic provides the integration with phpcssembed to embed data uris",
                "leafo/scssphp-compass": "Assetic provides the integration with the SCSS compass plugin"
            },
            "time": "2012-11-07 10:47:32",
            "type": "library",
            "extra": {
                "branch-alias": {
                    "dev-master": "1.1-dev"
                }
            },
            "autoload": {
                "psr-0": {
                    "Assetic": "src/"
                },
                "files": [
                    "src/functions.php"
                ]
            }
        },
        {
            "name": "liip/theme-bundle",
            "version": "dev-master",
            "target-dir": "Liip/ThemeBundle",
            "source": {
                "type": "git",
                "url": "git://github.com/liip/LiipThemeBundle.git",
                "reference": "d2c4cdd1590a33938d7c6e9bc18a296d6b0ed92d"
            },
            "dist": {
                "type": "zip",
                "url": "https://github.com/liip/LiipThemeBundle/zipball/d2c4cdd1590a33938d7c6e9bc18a296d6b0ed92d",
                "reference": "d2c4cdd1590a33938d7c6e9bc18a296d6b0ed92d",
                "shasum": ""
            },
            "require": {
                "php": ">=5.3.2",
                "symfony/framework-bundle": ">=2.0,<2.3-dev"
            },
            "require-dev": {
                "symfony/console": ">=2.0,<2.3-dev"
            },
            "time": "2012-10-13 15:06:00",
            "type": "symfony-bundle",
            "autoload": {
                "psr-0": {
                    "Liip\\ThemeBundle": ""
                }
            }
        },
        {
            "name": "monolog/monolog",
            "version": "dev-master",
            "source": {
                "type": "git",
                "url": "https://github.com/Seldaek/monolog",
                "reference": "bcb51e01406965ebd030d4b99eb199a9226c3fef"
            },
            "dist": {
                "type": "zip",
                "url": "https://github.com/Seldaek/monolog/archive/bcb51e01406965ebd030d4b99eb199a9226c3fef.zip",
                "reference": "bcb51e01406965ebd030d4b99eb199a9226c3fef",
                "shasum": ""
            },
            "require": {
                "php": ">=5.3.0"
            },
            "require-dev": {
                "mlehner/gelf-php": "1.0.*"
            },
            "suggest": {
                "mlehner/gelf-php": "Allow sending log messages to a GrayLog2 server",
                "ext-amqp": "Allow sending log messages to an AMQP server (1.0+ required)",
                "ext-mongo": "Allow sending log messages to a MongoDB server"
            },
            "time": "2012-11-11 17:03:04",
            "type": "library",
            "extra": {
                "branch-alias": {
                    "dev-master": "1.3.x-dev"
                }
            },
            "autoload": {
                "psr-0": {
                    "Monolog": "src/"
                }
            }
        },
        {
            "name": "mopa/bootstrap-bundle",
            "version": "dev-master",
            "target-dir": "Mopa/Bundle/BootstrapBundle",
            "source": {
                "type": "git",
                "url": "https://github.com/phiamo/MopaBootstrapBundle.git",
                "reference": "14f7ae2da4723c77b6b383b2751d15cafca5d8e1"
            },
            "dist": {
                "type": "zip",
                "url": "https://github.com/phiamo/MopaBootstrapBundle/archive/14f7ae2da4723c77b6b383b2751d15cafca5d8e1.zip",
                "reference": "14f7ae2da4723c77b6b383b2751d15cafca5d8e1",
                "shasum": ""
            },
            "require": {
                "mopa/composer-bridge": "dev-master",
                "symfony/symfony": ">=2.1,<2.3-dev"
            },
            "suggest": {
                "knplabs/knp-paginator-bundle": "dev-master",
                "craue/formflow-bundle": "dev-master",
                "twitter/bootstrap": "2.0.*",
                "knplabs/knp-menu-bundle": "1.1.*",
                "thomas-mcdonald/bootstrap-sass": "dev-master"
            },
            "time": "2012-11-06 08:52:05",
            "type": "symfony-bundle",
            "extra": {
                "branch-alias": {
                    "dev-master": "2.1.x-dev"
                }
            },
            "autoload": {
                "psr-0": {
                    "Mopa\\Bundle\\BootstrapBundle": ""
                }
            }
        },
        {
            "name": "mopa/bootstrap-sandbox-bundle",
            "version": "dev-master",
            "target-dir": "Mopa/Bundle/BootstrapSandboxBundle",
            "source": {
                "type": "git",
                "url": "https://github.com/phiamo/MopaBootstrapSandboxBundle.git",
                "reference": "b1e67228d1e08daaa8abe465568f810591446d99"
            },
            "dist": {
                "type": "zip",
                "url": "https://github.com/phiamo/MopaBootstrapSandboxBundle/zipball/b1e67228d1e08daaa8abe465568f810591446d99",
                "reference": "b1e67228d1e08daaa8abe465568f810591446d99",
                "shasum": ""
            },
            "require": {
                "php": ">=5.3.2",
                "liip/theme-bundle": "dev-master"
            },
            "time": "2012-10-20 11:44:36",
            "type": "symfony-bundle",
            "autoload": {
                "psr-0": {
                    "Mopa\\Bundle\\BootstrapSandboxBundle": ""
                }
            }
        },
        {
            "name": "mopa/composer-bridge",
            "version": "dev-master",
            "source": {
                "type": "git",
                "url": "git://github.com/phiamo/MopaComposerBridge.git",
                "reference": "e07e6f3a3c922c70892590048b7ded72f525e547"
            },
            "dist": {
                "type": "zip",
                "url": "https://github.com/phiamo/MopaComposerBridge/zipball/e07e6f3a3c922c70892590048b7ded72f525e547",
                "reference": "e07e6f3a3c922c70892590048b7ded72f525e547",
                "shasum": ""
            },
            "require": {
                "symfony/console": "2.*"
            },
            "time": "2012-10-11 11:29:49",
            "type": "symfony-bridge",
            "autoload": {
                "psr-0": {
                    "Mopa\\Bridge\\Composer": "src/"
                }
            }
        },
        {
            "name": "sensio/distribution-bundle",
            "version": "2.1.x-dev",
            "target-dir": "Sensio/Bundle/DistributionBundle",
            "source": {
                "type": "git",
                "url": "https://github.com/sensio/SensioDistributionBundle",
                "reference": "v2.1.3"
            },
            "dist": {
                "type": "zip",
                "url": "https://github.com/sensio/SensioDistributionBundle/zipball/v2.1.3",
                "reference": "v2.1.3",
                "shasum": ""
            },
            "require": {
                "symfony/framework-bundle": "2.1.*"
            },
            "time": "2012-09-10 22:10:08",
            "type": "symfony-bundle",
            "extra": {
                "branch-alias": {
                    "dev-master": "2.1.x-dev"
                }
            },
            "autoload": {
                "psr-0": {
                    "Sensio\\Bundle\\DistributionBundle": ""
                }
            }
        },
        {
            "name": "sensio/framework-extra-bundle",
            "version": "2.1.x-dev",
            "target-dir": "Sensio/Bundle/FrameworkExtraBundle",
            "source": {
                "type": "git",
                "url": "https://github.com/sensio/SensioFrameworkExtraBundle",
                "reference": "v2.1.3"
            },
            "dist": {
                "type": "zip",
                "url": "https://github.com/sensio/SensioFrameworkExtraBundle/zipball/v2.1.3",
                "reference": "v2.1.3",
                "shasum": ""
            },
            "require": {
                "symfony/framework-bundle": "2.1.*",
                "doctrine/common": ">=2.1,<2.4-dev"
            },
            "time": "2012-10-16 21:38:27",
            "type": "symfony-bundle",
            "extra": {
                "branch-alias": {
                    "dev-master": "2.1.x-dev"
                }
            },
            "autoload": {
                "psr-0": {
                    "Sensio\\Bundle\\FrameworkExtraBundle": ""
                }
            }
        },
        {
            "name": "sensio/generator-bundle",
            "version": "2.1.x-dev",
            "target-dir": "Sensio/Bundle/GeneratorBundle",
            "source": {
                "type": "git",
                "url": "https://github.com/sensio/SensioGeneratorBundle",
                "reference": "56c2029d1f3f41b39dd0df40009cb448df010bf1"
            },
            "dist": {
                "type": "zip",
                "url": "https://github.com/sensio/SensioGeneratorBundle/archive/56c2029d1f3f41b39dd0df40009cb448df010bf1.zip",
                "reference": "56c2029d1f3f41b39dd0df40009cb448df010bf1",
                "shasum": ""
            },
            "require": {
                "symfony/framework-bundle": "2.1.*",
                "symfony/console": "2.1.*"
            },
            "require-dev": {
                "symfony/doctrine-bridge": "2.1.*",
                "doctrine/orm": ">=2.1,<2.4-dev",
                "twig/twig": ">=1.8,<2.0-dev"
            },
            "time": "2012-11-09 12:33:43",
            "type": "symfony-bundle",
            "extra": {
                "branch-alias": {
                    "dev-master": "2.1.x-dev"
                }
            },
            "autoload": {
                "psr-0": {
                    "Sensio\\Bundle\\GeneratorBundle": ""
                }
            }
        },
        {
            "name": "swiftmailer/swiftmailer",
            "version": "v4.2.2",
            "source": {
                "type": "git",
                "url": "git://github.com/swiftmailer/swiftmailer.git",
                "reference": "v4.2.2"
            },
            "dist": {
                "type": "zip",
                "url": "https://github.com/swiftmailer/swiftmailer/zipball/v4.2.2",
                "reference": "v4.2.2",
                "shasum": ""
            },
            "require": {
                "php": ">=5.2.4"
            },
            "time": "2012-10-25 01:30:40",
            "type": "library",
            "extra": {
                "branch-alias": {
                    "dev-master": "4.2-dev"
                }
            },
            "autoload": {
                "files": [
                    "lib/swift_required.php"
                ]
            }
        },
        {
            "name": "symfony/assetic-bundle",
            "version": "dev-master",
            "target-dir": "Symfony/Bundle/AsseticBundle",
            "source": {
                "type": "git",
                "url": "https://github.com/symfony/AsseticBundle",
                "reference": "30d3841dc9643d352503a72f3cdf93d193c439d2"
            },
            "dist": {
                "type": "zip",
                "url": "https://github.com/symfony/AsseticBundle/archive/30d3841dc9643d352503a72f3cdf93d193c439d2.zip",
                "reference": "30d3841dc9643d352503a72f3cdf93d193c439d2",
                "shasum": ""
            },
            "require": {
                "php": ">=5.3.0",
                "kriswallsmith/assetic": "1.1.*",
                "symfony/framework-bundle": ">=2.1.0,<2.3-dev"
            },
            "require-dev": {
                "symfony/twig-bundle": ">=2.1.0,<2.3-dev",
                "symfony/console": ">=2.1.0,<2.3-dev",
                "symfony/class-loader": ">=2.1.0,<2.3-dev",
                "symfony/yaml": ">=2.1.0,<2.3-dev",
                "symfony/form": ">=2.1.0,<2.3-dev",
                "symfony/dom-crawler": ">=2.1.0,<2.3-dev",
                "symfony/css-selector": ">=2.1.0,<2.3-dev"
            },
            "suggest": {
                "symfony/twig-bundle": ">=2.1.0,<2.3-dev"
            },
            "time": "2012-11-07 10:47:48",
            "type": "symfony-bundle",
            "extra": {
                "branch-alias": {
                    "dev-master": "2.1.x-dev"
                }
            },
            "autoload": {
                "psr-0": {
                    "Symfony\\Bundle\\AsseticBundle": ""
                }
            }
        },
        {
            "name": "symfony/monolog-bundle",
            "version": "dev-master",
            "target-dir": "Symfony/Bundle/MonologBundle",
            "source": {
                "type": "git",
                "url": "https://github.com/symfony/MonologBundle",
                "reference": "51517152a608926ee6b40ed8cfbba1a708f0a14f"
            },
            "dist": {
                "type": "zip",
                "url": "https://github.com/symfony/MonologBundle/zipball/51517152a608926ee6b40ed8cfbba1a708f0a14f",
                "reference": "51517152a608926ee6b40ed8cfbba1a708f0a14f",
                "shasum": ""
            },
            "require": {
                "php": ">=5.3.2",
                "monolog/monolog": "1.*",
                "symfony/monolog-bridge": ">=2.1.0,<2.3-dev",
                "symfony/dependency-injection": ">=2.1.0,<2.3-dev",
                "symfony/config": ">=2.1.0,<2.3-dev"
            },
            "require-dev": {
                "symfony/yaml": ">=2.1.0,<2.3-dev",
                "symfony/config": ">=2.1.0,<2.3-dev"
            },
            "time": "2012-09-20 03:40:24",
            "type": "symfony-bundle",
            "extra": {
                "branch-alias": {
                    "dev-master": "2.1.x-dev"
                }
            },
            "autoload": {
                "psr-0": {
                    "Symfony\\Bundle\\MonologBundle": ""
                }
            }
        },
        {
            "name": "symfony/swiftmailer-bundle",
            "version": "dev-master",
            "target-dir": "Symfony/Bundle/SwiftmailerBundle",
            "source": {
                "type": "git",
                "url": "https://github.com/symfony/SwiftmailerBundle",
                "reference": "2393ba6d4f1b544349123e24a16bbc749bef9e55"
            },
            "dist": {
                "type": "zip",
                "url": "https://github.com/symfony/SwiftmailerBundle/zipball/2393ba6d4f1b544349123e24a16bbc749bef9e55",
                "reference": "2393ba6d4f1b544349123e24a16bbc749bef9e55",
                "shasum": ""
            },
            "require": {
                "php": ">=5.3.2",
                "swiftmailer/swiftmailer": ">=4.2.0,<4.3-dev",
                "symfony/swiftmailer-bridge": ">=2.1.0,<2.3-dev"
            },
            "require-dev": {
                "symfony/dependency-injection": ">=2.1.0,<2.3-dev",
                "symfony/http-kernel": ">=2.1.0,<2.3-dev",
                "symfony/config": ">=2.1.0,<2.3-dev",
                "symfony/yaml": ">=2.1.0,<2.3-dev"
            },
            "time": "2012-10-16 21:18:11",
            "type": "symfony-bundle",
            "extra": {
                "branch-alias": {
                    "dev-master": "2.1-dev"
                }
            },
            "autoload": {
                "psr-0": {
                    "Symfony\\Bundle\\SwiftmailerBundle": ""
                }
            }
        },
        {
            "name": "symfony/symfony",
            "version": "2.1.x-dev",
            "source": {
                "type": "git",
                "url": "git://github.com/symfony/symfony.git",
                "reference": "938670d34b0e9822c5ac7c5ac7934c4d6591f7a1"
            },
            "dist": {
                "type": "zip",
                "url": "https://github.com/symfony/symfony/archive/938670d34b0e9822c5ac7c5ac7934c4d6591f7a1.zip",
                "reference": "938670d34b0e9822c5ac7c5ac7934c4d6591f7a1",
                "shasum": ""
            },
            "require": {
                "php": ">=5.3.3",
                "doctrine/common": ">2.2,<2.4-dev",
                "twig/twig": ">=1.9.1,<2.0-dev"
            },
            "replace": {
                "symfony/doctrine-bridge": "self.version",
                "symfony/monolog-bridge": "self.version",
                "symfony/propel1-bridge": "self.version",
                "symfony/swiftmailer-bridge": "self.version",
                "symfony/twig-bridge": "self.version",
                "symfony/framework-bundle": "self.version",
                "symfony/security-bundle": "self.version",
                "symfony/twig-bundle": "self.version",
                "symfony/web-profiler-bundle": "self.version",
                "symfony/browser-kit": "self.version",
                "symfony/class-loader": "self.version",
                "symfony/config": "self.version",
                "symfony/console": "self.version",
                "symfony/css-selector": "self.version",
                "symfony/dependency-injection": "self.version",
                "symfony/dom-crawler": "self.version",
                "symfony/event-dispatcher": "self.version",
                "symfony/filesystem": "self.version",
                "symfony/finder": "self.version",
                "symfony/form": "self.version",
                "symfony/http-foundation": "self.version",
                "symfony/http-kernel": "self.version",
                "symfony/locale": "self.version",
                "symfony/options-resolver": "self.version",
                "symfony/process": "self.version",
                "symfony/routing": "self.version",
                "symfony/security": "self.version",
                "symfony/serializer": "self.version",
                "symfony/templating": "self.version",
                "symfony/translation": "self.version",
                "symfony/validator": "self.version",
                "symfony/yaml": "self.version"
            },
            "require-dev": {
                "doctrine/dbal": ">=2.2,<2.4-dev",
                "doctrine/orm": ">=2.2.3,<2.4-dev",
                "doctrine/data-fixtures": "1.0.*",
                "propel/propel1": "dev-master",
                "monolog/monolog": "1.*"
            },
            "time": "2012-11-12 14:04:21",
            "type": "library",
            "extra": {
                "branch-alias": {
                    "dev-master": "2.1-dev"
                }
            },
            "autoload": {
                "psr-0": {
                    "Symfony": "src/",
                    "SessionHandlerInterface": "src/Symfony/Component/HttpFoundation/Resources/stubs"
                }
            }
        },
        {
            "name": "twig/extensions",
            "version": "dev-master",
            "source": {
                "type": "git",
                "url": "https://github.com/fabpot/Twig-extensions",
                "reference": "dcdff02fbac1282e6b8f4d0558cc7e9580105688"
            },
            "dist": {
                "type": "zip",
                "url": "https://github.com/fabpot/Twig-extensions/zipball/dcdff02fbac1282e6b8f4d0558cc7e9580105688",
                "reference": "dcdff02fbac1282e6b8f4d0558cc7e9580105688",
                "shasum": ""
            },
            "require": {
                "twig/twig": "1.*"
            },
            "time": "2012-10-10 10:13:26",
            "type": "library",
            "extra": {
                "branch-alias": {
                    "dev-master": "1.0.x-dev"
                }
            },
            "autoload": {
                "psr-0": {
                    "Twig_Extensions_": "lib/"
                }
            }
        },
        {
            "name": "twig/twig",
            "version": "dev-master",
            "source": {
                "type": "git",
                "url": "git://github.com/fabpot/Twig.git",
                "reference": "b16765ce8f8edd227c6c90dba489326001fd348a"
            },
            "dist": {
                "type": "zip",
                "url": "https://github.com/fabpot/Twig/archive/b16765ce8f8edd227c6c90dba489326001fd348a.zip",
                "reference": "b16765ce8f8edd227c6c90dba489326001fd348a",
                "shasum": ""
            },
            "require": {
                "php": ">=5.2.4"
            },
            "time": "2012-11-11 17:22:10",
            "type": "library",
            "extra": {
                "branch-alias": {
                    "dev-master": "1.11-dev"
                }
            },
            "autoload": {
                "psr-0": {
                    "Twig_": "lib/"
                }
            }
        },
        {
            "name": "twitter/bootstrap",
            "version": "dev-master",
            "source": {
                "type": "git",
                "url": "https://github.com/twitter/bootstrap.git",
                "reference": "master"
            },
            "dist": {
                "type": "zip",
                "url": "https://github.com/twitter/bootstrap/zipball/master",
                "reference": null,
                "shasum": null
            },
            "type": "library"
        }
    ],
    "packages-dev": null,
    "aliases": [

    ],
    "minimum-stability": "dev",
    "stability-flags": {
        "mopa/bootstrap-bundle": 20,
        "twitter/bootstrap": 20,
        "mopa/bootstrap-sandbox-bundle": 20,
        "knplabs/knp-menu-bundle": 20,
        "friendsofsymfony/facebook-bundle": 20
    }
}
